
Microsoft Visual Studio Solution File, Format Version 12.00
# Visual Studio Version 17
VisualStudioVersion = 17.8.34330.188
MinimumVisualStudioVersion = 10.0.40219.1
Project("{FAE04EC0-301F-11D3-BF4B-00C04F79EFBC}") = "SnackAndLadderLLD", "SnackAndLadderLLD\SnackAndLadderLLD.csproj", "{19039F22-47DD-4148-B876-21407EA85CAA}"
EndProject
Global
	GlobalSection(SolutionConfigurationPlatforms) = preSolution
		Debug|Any CPU = Debug|Any CPU
		Release|Any CPU = Release|Any CPU
	EndGlobalSection
	GlobalSection(ProjectConfigurationPlatforms) = postSolution
		{19039F22-47DD-4148-B876-21407EA85CAA}.Debug|Any CPU.ActiveCfg = Debug|Any CPU
		{19039F22-47DD-4148-B876-21407EA85CAA}.Debug|Any CPU.Build.0 = Debug|Any CPU
		{19039F22-47DD-4148-B876-21407EA85CAA}.Release|Any CPU.ActiveCfg = Release|Any CPU
		{19039F22-47DD-4148-B876-21407EA85CAA}.Release|Any CPU.Build.0 = Release|Any CPU
	EndGlobalSection
	GlobalSection(SolutionProperties) = preSolution
		HideSolutionNode = FALSE
	EndGlobalSection
	GlobalSection(ExtensibilityGlobals) = postSolution
		SolutionGuid = {820626B3-E8D3-444F-9D77-36A77B63DE86}
	EndGlobalSection
EndGlobal
