
Microsoft Visual Studio Solution File, Format Version 12.00
# Visual Studio Version 17
VisualStudioVersion = 17.8.34330.188
MinimumVisualStudioVersion = 10.0.40219.1
Project("{9A19103F-16F7-4668-BE54-9A1E7A4F7556}") = "SnakeAndLadderLLD", "SnakeAndLadderLLD\SnakeAndLadderLLD.csproj", "{ADF42D1D-F830-46BD-BDBA-8106E45E0225}"
EndProject
Global
	GlobalSection(SolutionConfigurationPlatforms) = preSolution
		Debug|Any CPU = Debug|Any CPU
		Release|Any CPU = Release|Any CPU
	EndGlobalSection
	GlobalSection(ProjectConfigurationPlatforms) = postSolution
		{ADF42D1D-F830-46BD-BDBA-8106E45E0225}.Debug|Any CPU.ActiveCfg = Debug|Any CPU
		{ADF42D1D-F830-46BD-BDBA-8106E45E0225}.Debug|Any CPU.Build.0 = Debug|Any CPU
		{ADF42D1D-F830-46BD-BDBA-8106E45E0225}.Release|Any CPU.ActiveCfg = Release|Any CPU
		{ADF42D1D-F830-46BD-BDBA-8106E45E0225}.Release|Any CPU.Build.0 = Release|Any CPU
	EndGlobalSection
	GlobalSection(SolutionProperties) = preSolution
		HideSolutionNode = FALSE
	EndGlobalSection
	GlobalSection(ExtensibilityGlobals) = postSolution
		SolutionGuid = {820626B3-E8D3-444F-9D77-36A77B63DE86}
	EndGlobalSection
EndGlobal
